
Microsoft Visual Studio Solution File, Format Version 12.00
# Visual Studio Version 17
VisualStudioVersion = 17.6.33723.286
MinimumVisualStudioVersion = 10.0.40219.1
Project("{FAE04EC0-301F-11D3-BF4B-00C04F79EFBC}") = "halalpizzabackend", "halalpizzabackend.csproj", "{7DF254BC-D3CD-49D9-B064-07703B3E1D36}"
EndProject
Global
	GlobalSection(SolutionConfigurationPlatforms) = preSolution
		Debug|Any CPU = Debug|Any CPU
		Release|Any CPU = Release|Any CPU
	EndGlobalSection
	GlobalSection(ProjectConfigurationPlatforms) = postSolution
		{7DF254BC-D3CD-49D9-B064-07703B3E1D36}.Debug|Any CPU.ActiveCfg = Debug|Any CPU
		{7DF254BC-D3CD-49D9-B064-07703B3E1D36}.Debug|Any CPU.Build.0 = Debug|Any CPU
		{7DF254BC-D3CD-49D9-B064-07703B3E1D36}.Release|Any CPU.ActiveCfg = Release|Any CPU
		{7DF254BC-D3CD-49D9-B064-07703B3E1D36}.Release|Any CPU.Build.0 = Release|Any CPU
	EndGlobalSection
	GlobalSection(SolutionProperties) = preSolution
		HideSolutionNode = FALSE
	EndGlobalSection
	GlobalSection(ExtensibilityGlobals) = postSolution
		SolutionGuid = {8EAA0072-970F-4814-9BCD-7824A45D4A94}
	EndGlobalSection
EndGlobal
